
Microsoft Visual Studio Solution File, Format Version 12.00
# Visual Studio 2012
Project("{2150E333-8FDC-42A3-9474-1A3956D46DE8}") = "BoundedContexts", "BoundedContexts", "{B714E3F6-1520-4B01-9683-FA15A806C450}"
EndProject
Project("{2150E333-8FDC-42A3-9474-1A3956D46DE8}") = "Logistics", "Logistics", "{665A9A95-752C-4D78-8D25-E91D95CD3F79}"
EndProject
Project("{FAE04EC0-301F-11D3-BF4B-00C04F79EFBC}") = "Logistics.Application", "Logistics.Application\Logistics.Application.csproj", "{4941E77C-5562-4B9B-8E49-622C6CE29150}"
EndProject
Project("{FAE04EC0-301F-11D3-BF4B-00C04F79EFBC}") = "Logistics.Domain", "Logistics.Domain\Logistics.Domain.csproj", "{4DED54D7-6D09-4C0E-A694-10A86EA27900}"
EndProject
Project("{FAE04EC0-301F-11D3-BF4B-00C04F79EFBC}") = "Logistics.Infrastructure", "Logistics.Infrastructure\Logistics.Infrastructure.csproj", "{4B514227-FE80-44E2-A218-7FD33D164974}"
EndProject
Project("{2150E333-8FDC-42A3-9474-1A3956D46DE8}") = "Interfaces", "Interfaces", "{BBBE4A40-0B60-4734-BA90-6EA4148C4B43}"
EndProject
Project("{FAE04EC0-301F-11D3-BF4B-00C04F79EFBC}") = "Presentation.ConsoleApp", "Presentation.ConsoleApp\Presentation.ConsoleApp.csproj", "{5D28D3B8-161D-4070-A7E9-076542AD24F4}"
EndProject
Project("{2150E333-8FDC-42A3-9474-1A3956D46DE8}") = "Tests", "Tests", "{57BAE656-2754-4CAC-B905-9BDA33F8C71D}"
EndProject
Project("{2150E333-8FDC-42A3-9474-1A3956D46DE8}") = "ObjectMothers", "ObjectMothers", "{F3640D83-86B5-4D5D-88C9-9C1B1AF01C9F}"
EndProject
Project("{FAE04EC0-301F-11D3-BF4B-00C04F79EFBC}") = "Logistics.ObjectMothers", "Logistics.ObjectMothers\Logistics.ObjectMothers.csproj", "{3123276A-3E17-45B2-A98A-FF7C6B2CDAFB}"
EndProject
Project("{2150E333-8FDC-42A3-9474-1A3956D46DE8}") = "UnitTests", "UnitTests", "{AD822EDE-B19E-4040-BE14-209AF7258EB2}"
EndProject
Project("{FAE04EC0-301F-11D3-BF4B-00C04F79EFBC}") = "Logistics.Domain.UnitTests", "Logistics.Domain.UnitTests\Logistics.Domain.UnitTests.csproj", "{C48D6B79-59B8-4623-926F-CDB21108CC7B}"
EndProject
Project("{FAE04EC0-301F-11D3-BF4B-00C04F79EFBC}") = "Logistics.Application.UnitTests", "Logistics.Application.UnitTests\Logistics.Application.UnitTests.csproj", "{5AF091BA-3433-4438-AEAD-37A397E5D83A}"
EndProject
Global
	GlobalSection(SolutionConfigurationPlatforms) = preSolution
		Debug|x86 = Debug|x86
		Release|x86 = Release|x86
	EndGlobalSection
	GlobalSection(ProjectConfigurationPlatforms) = postSolution
		{3123276A-3E17-45B2-A98A-FF7C6B2CDAFB}.Debug|x86.ActiveCfg = Debug|x86
		{3123276A-3E17-45B2-A98A-FF7C6B2CDAFB}.Debug|x86.Build.0 = Debug|x86
		{3123276A-3E17-45B2-A98A-FF7C6B2CDAFB}.Release|x86.ActiveCfg = Release|x86
		{3123276A-3E17-45B2-A98A-FF7C6B2CDAFB}.Release|x86.Build.0 = Release|x86
		{4941E77C-5562-4B9B-8E49-622C6CE29150}.Debug|x86.ActiveCfg = Debug|x86
		{4941E77C-5562-4B9B-8E49-622C6CE29150}.Debug|x86.Build.0 = Debug|x86
		{4941E77C-5562-4B9B-8E49-622C6CE29150}.Release|x86.ActiveCfg = Release|x86
		{4941E77C-5562-4B9B-8E49-622C6CE29150}.Release|x86.Build.0 = Release|x86
		{4B514227-FE80-44E2-A218-7FD33D164974}.Debug|x86.ActiveCfg = Debug|x86
		{4B514227-FE80-44E2-A218-7FD33D164974}.Debug|x86.Build.0 = Debug|x86
		{4B514227-FE80-44E2-A218-7FD33D164974}.Release|x86.ActiveCfg = Release|x86
		{4B514227-FE80-44E2-A218-7FD33D164974}.Release|x86.Build.0 = Release|x86
		{4DED54D7-6D09-4C0E-A694-10A86EA27900}.Debug|x86.ActiveCfg = Debug|x86
		{4DED54D7-6D09-4C0E-A694-10A86EA27900}.Debug|x86.Build.0 = Debug|x86
		{4DED54D7-6D09-4C0E-A694-10A86EA27900}.Release|x86.ActiveCfg = Release|x86
		{4DED54D7-6D09-4C0E-A694-10A86EA27900}.Release|x86.Build.0 = Release|x86
		{5AF091BA-3433-4438-AEAD-37A397E5D83A}.Debug|x86.ActiveCfg = Debug|Any CPU
		{5AF091BA-3433-4438-AEAD-37A397E5D83A}.Debug|x86.Build.0 = Debug|Any CPU
		{5AF091BA-3433-4438-AEAD-37A397E5D83A}.Release|x86.ActiveCfg = Release|Any CPU
		{5AF091BA-3433-4438-AEAD-37A397E5D83A}.Release|x86.Build.0 = Release|Any CPU
		{5D28D3B8-161D-4070-A7E9-076542AD24F4}.Debug|x86.ActiveCfg = Debug|x86
		{5D28D3B8-161D-4070-A7E9-076542AD24F4}.Debug|x86.Build.0 = Debug|x86
		{5D28D3B8-161D-4070-A7E9-076542AD24F4}.Release|x86.ActiveCfg = Release|x86
		{5D28D3B8-161D-4070-A7E9-076542AD24F4}.Release|x86.Build.0 = Release|x86
		{C48D6B79-59B8-4623-926F-CDB21108CC7B}.Debug|x86.ActiveCfg = Debug|Any CPU
		{C48D6B79-59B8-4623-926F-CDB21108CC7B}.Debug|x86.Build.0 = Debug|Any CPU
		{C48D6B79-59B8-4623-926F-CDB21108CC7B}.Release|x86.ActiveCfg = Release|Any CPU
		{C48D6B79-59B8-4623-926F-CDB21108CC7B}.Release|x86.Build.0 = Release|Any CPU
	EndGlobalSection
	GlobalSection(NestedProjects) = preSolution
		{665A9A95-752C-4D78-8D25-E91D95CD3F79} = {B714E3F6-1520-4B01-9683-FA15A806C450}
		{4941E77C-5562-4B9B-8E49-622C6CE29150} = {665A9A95-752C-4D78-8D25-E91D95CD3F79}
		{4DED54D7-6D09-4C0E-A694-10A86EA27900} = {665A9A95-752C-4D78-8D25-E91D95CD3F79}
		{4B514227-FE80-44E2-A218-7FD33D164974} = {665A9A95-752C-4D78-8D25-E91D95CD3F79}
		{5D28D3B8-161D-4070-A7E9-076542AD24F4} = {BBBE4A40-0B60-4734-BA90-6EA4148C4B43}
		{F3640D83-86B5-4D5D-88C9-9C1B1AF01C9F} = {57BAE656-2754-4CAC-B905-9BDA33F8C71D}
		{AD822EDE-B19E-4040-BE14-209AF7258EB2} = {57BAE656-2754-4CAC-B905-9BDA33F8C71D}
		{3123276A-3E17-45B2-A98A-FF7C6B2CDAFB} = {F3640D83-86B5-4D5D-88C9-9C1B1AF01C9F}
		{C48D6B79-59B8-4623-926F-CDB21108CC7B} = {AD822EDE-B19E-4040-BE14-209AF7258EB2}
		{5AF091BA-3433-4438-AEAD-37A397E5D83A} = {AD822EDE-B19E-4040-BE14-209AF7258EB2}
	EndGlobalSection
EndGlobal
